
Microsoft Visual Studio Solution File, Format Version 12.00
Project("{FAE04EC0-301F-11D3-BF4B-00C04F79EFBC}") = "lab21Strategy", "lab21Strategy\lab21Strategy.csproj", "{E7B68232-1CEC-47F0-B343-32F26BE11773}"
EndProject
Global
	GlobalSection(SolutionConfigurationPlatforms) = preSolution
		Debug|Any CPU = Debug|Any CPU
		Release|Any CPU = Release|Any CPU
	EndGlobalSection
	GlobalSection(ProjectConfigurationPlatforms) = postSolution
		{E7B68232-1CEC-47F0-B343-32F26BE11773}.Debug|Any CPU.ActiveCfg = Debug|Any CPU
		{E7B68232-1CEC-47F0-B343-32F26BE11773}.Debug|Any CPU.Build.0 = Debug|Any CPU
		{E7B68232-1CEC-47F0-B343-32F26BE11773}.Release|Any CPU.ActiveCfg = Release|Any CPU
		{E7B68232-1CEC-47F0-B343-32F26BE11773}.Release|Any CPU.Build.0 = Release|Any CPU
	EndGlobalSection
EndGlobal
