
Microsoft Visual Studio Solution File, Format Version 12.00
Project("{FAE04EC0-301F-11D3-BF4B-00C04F79EFBC}") = "Lab18Momento", "Lab18Momento\Lab18Momento.csproj", "{454A9AF4-7CAD-4D88-BB40-B9F6FD905C5D}"
EndProject
Global
	GlobalSection(SolutionConfigurationPlatforms) = preSolution
		Debug|Any CPU = Debug|Any CPU
		Release|Any CPU = Release|Any CPU
	EndGlobalSection
	GlobalSection(ProjectConfigurationPlatforms) = postSolution
		{454A9AF4-7CAD-4D88-BB40-B9F6FD905C5D}.Debug|Any CPU.ActiveCfg = Debug|Any CPU
		{454A9AF4-7CAD-4D88-BB40-B9F6FD905C5D}.Debug|Any CPU.Build.0 = Debug|Any CPU
		{454A9AF4-7CAD-4D88-BB40-B9F6FD905C5D}.Release|Any CPU.ActiveCfg = Release|Any CPU
		{454A9AF4-7CAD-4D88-BB40-B9F6FD905C5D}.Release|Any CPU.Build.0 = Release|Any CPU
	EndGlobalSection
EndGlobal
