
Microsoft Visual Studio Solution File, Format Version 12.00
Project("{FAE04EC0-301F-11D3-BF4B-00C04F79EFBC}") = "Lab22Method", "Lab22Method\Lab22Method.csproj", "{AF6C71A1-C150-4D0F-B3F1-C835E27838D7}"
EndProject
Global
	GlobalSection(SolutionConfigurationPlatforms) = preSolution
		Debug|Any CPU = Debug|Any CPU
		Release|Any CPU = Release|Any CPU
	EndGlobalSection
	GlobalSection(ProjectConfigurationPlatforms) = postSolution
		{AF6C71A1-C150-4D0F-B3F1-C835E27838D7}.Debug|Any CPU.ActiveCfg = Debug|Any CPU
		{AF6C71A1-C150-4D0F-B3F1-C835E27838D7}.Debug|Any CPU.Build.0 = Debug|Any CPU
		{AF6C71A1-C150-4D0F-B3F1-C835E27838D7}.Release|Any CPU.ActiveCfg = Release|Any CPU
		{AF6C71A1-C150-4D0F-B3F1-C835E27838D7}.Release|Any CPU.Build.0 = Release|Any CPU
	EndGlobalSection
EndGlobal
