
Microsoft Visual Studio Solution File, Format Version 12.00
# Visual Studio Version 16
VisualStudioVersion = 16.0.30804.86
MinimumVisualStudioVersion = 10.0.40219.1
Project("{FAE04EC0-301F-11D3-BF4B-00C04F79EFBC}") = "Lab4", "Lab4.csproj", "{AB09916C-3E53-4BEB-AC42-5C97AA7A38E8}"
EndProject
Global
	GlobalSection(SolutionConfigurationPlatforms) = preSolution
		Debug|Any CPU = Debug|Any CPU
		Release|Any CPU = Release|Any CPU
	EndGlobalSection
	GlobalSection(ProjectConfigurationPlatforms) = postSolution
		{AB09916C-3E53-4BEB-AC42-5C97AA7A38E8}.Debug|Any CPU.ActiveCfg = Debug|Any CPU
		{AB09916C-3E53-4BEB-AC42-5C97AA7A38E8}.Debug|Any CPU.Build.0 = Debug|Any CPU
		{AB09916C-3E53-4BEB-AC42-5C97AA7A38E8}.Release|Any CPU.ActiveCfg = Release|Any CPU
		{AB09916C-3E53-4BEB-AC42-5C97AA7A38E8}.Release|Any CPU.Build.0 = Release|Any CPU
	EndGlobalSection
	GlobalSection(SolutionProperties) = preSolution
		HideSolutionNode = FALSE
	EndGlobalSection
	GlobalSection(ExtensibilityGlobals) = postSolution
		SolutionGuid = {1EB725F8-BA5A-4CB4-8752-0B2590C613FF}
	EndGlobalSection
EndGlobal
