
Microsoft Visual Studio Solution File, Format Version 12.00
Project("{FAE04EC0-301F-11D3-BF4B-00C04F79EFBC}") = "Zad3PhotoArchive", "Zad3PhotoArchive\Zad3PhotoArchive.csproj", "{8A28B7EC-0387-46B9-80A3-5B030EC50C2B}"
EndProject
Global
	GlobalSection(SolutionConfigurationPlatforms) = preSolution
		Debug|Any CPU = Debug|Any CPU
		Release|Any CPU = Release|Any CPU
	EndGlobalSection
	GlobalSection(ProjectConfigurationPlatforms) = postSolution
		{8A28B7EC-0387-46B9-80A3-5B030EC50C2B}.Debug|Any CPU.ActiveCfg = Debug|Any CPU
		{8A28B7EC-0387-46B9-80A3-5B030EC50C2B}.Debug|Any CPU.Build.0 = Debug|Any CPU
		{8A28B7EC-0387-46B9-80A3-5B030EC50C2B}.Release|Any CPU.ActiveCfg = Release|Any CPU
		{8A28B7EC-0387-46B9-80A3-5B030EC50C2B}.Release|Any CPU.Build.0 = Release|Any CPU
	EndGlobalSection
EndGlobal
